
Microsoft Visual Studio Solution File, Format Version 12.00
# Visual Studio Version 16
VisualStudioVersion = 16.0.30717.126
MinimumVisualStudioVersion = 10.0.40219.1
Project("{FAE04EC0-301F-11D3-BF4B-00C04F79EFBC}") = "CarParkSample", "CarParkSample.csproj", "{7B88F9E8-6596-400A-ACE4-E4A04391C5B9}"
EndProject
Global
	GlobalSection(SolutionConfigurationPlatforms) = preSolution
		Debug|Any CPU = Debug|Any CPU
		Release|Any CPU = Release|Any CPU
	EndGlobalSection
	GlobalSection(ProjectConfigurationPlatforms) = postSolution
		{7B88F9E8-6596-400A-ACE4-E4A04391C5B9}.Debug|Any CPU.ActiveCfg = Debug|Any CPU
		{7B88F9E8-6596-400A-ACE4-E4A04391C5B9}.Debug|Any CPU.Build.0 = Debug|Any CPU
		{7B88F9E8-6596-400A-ACE4-E4A04391C5B9}.Release|Any CPU.ActiveCfg = Release|Any CPU
		{7B88F9E8-6596-400A-ACE4-E4A04391C5B9}.Release|Any CPU.Build.0 = Release|Any CPU
	EndGlobalSection
	GlobalSection(SolutionProperties) = preSolution
		HideSolutionNode = FALSE
	EndGlobalSection
	GlobalSection(ExtensibilityGlobals) = postSolution
		SolutionGuid = {92812145-9636-48AD-8610-DF886D347B77}
	EndGlobalSection
EndGlobal
